
Microsoft Visual Studio Solution File, Format Version 12.00
# Visual Studio Version 16
VisualStudioVersion = 16.0.29409.12
MinimumVisualStudioVersion = 10.0.40219.1
Project("{9A19103F-16F7-4668-BE54-9A1E7A4F7556}") = "SimpleMeal.API", "SimpleMeal\SimpleMeal.API.csproj", "{83504787-532B-4E2B-8FAC-F9398F40D59D}"
EndProject
Project("{FAE04EC0-301F-11D3-BF4B-00C04F79EFBC}") = "SimpleMeal.Domain", "SimpleMeal.Domain\SimpleMeal.Domain.csproj", "{4E6E06E2-1E21-419E-BFD8-5F3FE1F9DB77}"
EndProject
Project("{FAE04EC0-301F-11D3-BF4B-00C04F79EFBC}") = "SimpleMeal.Repository", "SimpleMeal.Repository\SimpleMeal.Repository.csproj", "{B5CDE3ED-F190-413B-834D-52EF87790EFE}"
EndProject
Global
	GlobalSection(SolutionConfigurationPlatforms) = preSolution
		Debug|Any CPU = Debug|Any CPU
		Release|Any CPU = Release|Any CPU
	EndGlobalSection
	GlobalSection(ProjectConfigurationPlatforms) = postSolution
		{83504787-532B-4E2B-8FAC-F9398F40D59D}.Debug|Any CPU.ActiveCfg = Debug|Any CPU
		{83504787-532B-4E2B-8FAC-F9398F40D59D}.Debug|Any CPU.Build.0 = Debug|Any CPU
		{83504787-532B-4E2B-8FAC-F9398F40D59D}.Release|Any CPU.ActiveCfg = Release|Any CPU
		{83504787-532B-4E2B-8FAC-F9398F40D59D}.Release|Any CPU.Build.0 = Release|Any CPU
		{4E6E06E2-1E21-419E-BFD8-5F3FE1F9DB77}.Debug|Any CPU.ActiveCfg = Debug|Any CPU
		{4E6E06E2-1E21-419E-BFD8-5F3FE1F9DB77}.Debug|Any CPU.Build.0 = Debug|Any CPU
		{4E6E06E2-1E21-419E-BFD8-5F3FE1F9DB77}.Release|Any CPU.ActiveCfg = Release|Any CPU
		{4E6E06E2-1E21-419E-BFD8-5F3FE1F9DB77}.Release|Any CPU.Build.0 = Release|Any CPU
		{B5CDE3ED-F190-413B-834D-52EF87790EFE}.Debug|Any CPU.ActiveCfg = Debug|Any CPU
		{B5CDE3ED-F190-413B-834D-52EF87790EFE}.Debug|Any CPU.Build.0 = Debug|Any CPU
		{B5CDE3ED-F190-413B-834D-52EF87790EFE}.Release|Any CPU.ActiveCfg = Release|Any CPU
		{B5CDE3ED-F190-413B-834D-52EF87790EFE}.Release|Any CPU.Build.0 = Release|Any CPU
	EndGlobalSection
	GlobalSection(SolutionProperties) = preSolution
		HideSolutionNode = FALSE
	EndGlobalSection
	GlobalSection(ExtensibilityGlobals) = postSolution
		SolutionGuid = {C0BD49B0-1FED-40B0-8B21-E7EC7871C873}
	EndGlobalSection
EndGlobal
